<?xml version="1.0" encoding="utf-8"?>
<Project ToolsVersion="4.0" xmlns="http://schemas.microsoft.com/developer/msbuild/2003">
  <ItemGroup>
    <Filter Include="소스 파일">
      <UniqueIdentifier>{4FC737F1-C7A5-4376-A066-2A32D752A2FF}</UniqueIdentifier>
      <Extensions>cpp;c;cc;cxx;c++;cppm;ixx;def;odl;idl;hpj;bat;asm;asmx</Extensions>
    </Filter>
    <Filter Include="헤더 파일">
      <UniqueIdentifier>{93995380-89BD-4b04-88EB-625FBE52EBFB}</UniqueIdentifier>
      <Extensions>h;hh;hpp;hxx;h++;hm;inl;inc;ipp;xsd</Extensions>
    </Filter>
    <Filter Include="헤더 파일\Monster 헤더 파일">
      <UniqueIdentifier>{1b3ec63a-c28d-4a8c-891d-1c3d7bf1bf7e}</UniqueIdentifier>
    </Filter>
    <Filter Include="리소스 파일">
      <UniqueIdentifier>{67DA6AB6-F800-4c08-8B7A-83BB121AAD01}</UniqueIdentifier>
      <Extensions>rc;ico;cur;bmp;dlg;rc2;rct;bin;rgs;gif;jpg;jpeg;jpe;resx;tiff;tif;png;wav;mfcribbon-ms</Extensions>
    </Filter>
    <Filter Include="소스 파일\Monster 소스 파일">
      <UniqueIdentifier>{224f887a-70e3-42d4-8c42-813b03b06da1}</UniqueIdentifier>
    </Filter>
    <Filter Include="소스 파일\JOB 소스 파일">
      <UniqueIdentifier>{7e58d1f6-fc73-4da7-a5a8-3cd5438de480}</UniqueIdentifier>
    </Filter>
    <Filter Include="헤더 파일\JOB 헤더 파일">
      <UniqueIdentifier>{c13171ff-266e-4707-9463-d7d1515d16e9}</UniqueIdentifier>
    </Filter>
    <Filter Include="소스 파일\인벤토리,아이템 소스 파일">
      <UniqueIdentifier>{5806630c-e92e-4c23-8aa4-d907fcf403fd}</UniqueIdentifier>
    </Filter>
    <Filter Include="헤더 파일\인벤토리,아이템 헤더 파일">
      <UniqueIdentifier>{7f7f61cf-6146-416f-9b12-f84c1de2686a}</UniqueIdentifier>
    </Filter>
    <Filter Include="소스 파일\포션 제작 소스 파일">
      <UniqueIdentifier>{4187bce3-e9d5-4862-a143-b07efc5aea87}</UniqueIdentifier>
    </Filter>
    <Filter Include="헤더 파일\포션 제작 헤더 파일">
      <UniqueIdentifier>{00d9a5ff-47c5-452a-b4d0-28ba1a25e362}</UniqueIdentifier>
    </Filter>
  </ItemGroup>
  <ItemGroup>
    <ClCompile Include="main.cpp">
      <Filter>소스 파일</Filter>
    </ClCompile>
    <ClCompile Include="Character.cpp">
      <Filter>소스 파일</Filter>
    </ClCompile>
    <ClCompile Include="Upgrade.cpp">
      <Filter>소스 파일</Filter>
    </ClCompile>
    <ClCompile Include="Player.cpp">
      <Filter>소스 파일</Filter>
    </ClCompile>
    <ClCompile Include="JobSelect.cpp">
      <Filter>소스 파일</Filter>
    </ClCompile>
    <ClCompile Include="Monster.cpp">
      <Filter>소스 파일\Monster 소스 파일</Filter>
    </ClCompile>
    <ClCompile Include="Bowman.cpp">
      <Filter>소스 파일\JOB 소스 파일</Filter>
    </ClCompile>
    <ClCompile Include="Mage.cpp">
      <Filter>소스 파일\JOB 소스 파일</Filter>
    </ClCompile>
    <ClCompile Include="Rogue.cpp">
      <Filter>소스 파일\JOB 소스 파일</Filter>
    </ClCompile>
    <ClCompile Include="Warrior.cpp">
      <Filter>소스 파일\JOB 소스 파일</Filter>
    </ClCompile>
    <ClCompile Include="Rogue.h">
      <Filter>헤더 파일\JOB 헤더 파일</Filter>
    </ClCompile>
    <ClCompile Include="Warrior.h">
      <Filter>헤더 파일\JOB 헤더 파일</Filter>
    </ClCompile>
    <ClCompile Include="Battle.cpp">
      <Filter>소스 파일</Filter>
    </ClCompile>
    <ClCompile Include="Item.cpp">
      <Filter>소스 파일\인벤토리,아이템 소스 파일</Filter>
    </ClCompile>
    <ClCompile Include="Inventory.cpp">
      <Filter>소스 파일\인벤토리,아이템 소스 파일</Filter>
    </ClCompile>
    <ClCompile Include="PotionRecipe.cpp">
      <Filter>소스 파일\포션 제작 소스 파일</Filter>
    </ClCompile>
    <ClCompile Include="Workshop.cpp">
      <Filter>소스 파일\포션 제작 소스 파일</Filter>
    </ClCompile>
  </ItemGroup>
  <ItemGroup>
    <ClInclude Include="Character.h">
      <Filter>헤더 파일</Filter>
    </ClInclude>
    <ClInclude Include="Upgrade.h">
      <Filter>헤더 파일</Filter>
    </ClInclude>
    <ClInclude Include="Player.h">
      <Filter>헤더 파일</Filter>
    </ClInclude>
    <ClInclude Include="JobSelect.h">
      <Filter>헤더 파일</Filter>
    </ClInclude>
    <ClInclude Include="Monster.h">
      <Filter>헤더 파일\Monster 헤더 파일</Filter>
    </ClInclude>
    <ClInclude Include="Bowman.h">
      <Filter>헤더 파일\JOB 헤더 파일</Filter>
    </ClInclude>
    <ClInclude Include="Mage.h">
      <Filter>헤더 파일\JOB 헤더 파일</Filter>
    </ClInclude>
    <ClInclude Include="Battle.h">
      <Filter>헤더 파일</Filter>
    </ClInclude>
    <ClInclude Include="Item.h">
      <Filter>헤더 파일\인벤토리,아이템 헤더 파일</Filter>
    </ClInclude>
    <ClInclude Include="Inventory.h">
      <Filter>헤더 파일\인벤토리,아이템 헤더 파일</Filter>
    </ClInclude>
    <ClInclude Include="PotionRecipe.h">
      <Filter>헤더 파일\포션 제작 헤더 파일</Filter>
    </ClInclude>
    <ClInclude Include="Workshop.h">
      <Filter>헤더 파일\포션 제작 헤더 파일</Filter>
    </ClInclude>
  </ItemGroup>
</Project>